
Microsoft Visual Studio Solution File, Format Version 12.00
# Visual Studio 15
VisualStudioVersion = 15.0.28307.705
MinimumVisualStudioVersion = 10.0.40219.1
Project("{FAE04EC0-301F-11D3-BF4B-00C04F79EFBC}") = "ETicaret", "ETicaret\ETicaret.csproj", "{D7244A0F-FE99-443C-9C7D-646838C885DA}"
EndProject
Global
	GlobalSection(SolutionConfigurationPlatforms) = preSolution
		Debug|Any CPU = Debug|Any CPU
		Release|Any CPU = Release|Any CPU
	EndGlobalSection
	GlobalSection(ProjectConfigurationPlatforms) = postSolution
		{D7244A0F-FE99-443C-9C7D-646838C885DA}.Debug|Any CPU.ActiveCfg = Debug|Any CPU
		{D7244A0F-FE99-443C-9C7D-646838C885DA}.Debug|Any CPU.Build.0 = Debug|Any CPU
		{D7244A0F-FE99-443C-9C7D-646838C885DA}.Release|Any CPU.ActiveCfg = Release|Any CPU
		{D7244A0F-FE99-443C-9C7D-646838C885DA}.Release|Any CPU.Build.0 = Release|Any CPU
	EndGlobalSection
	GlobalSection(SolutionProperties) = preSolution
		HideSolutionNode = FALSE
	EndGlobalSection
	GlobalSection(ExtensibilityGlobals) = postSolution
		SolutionGuid = {8DE13B08-A1E7-4A86-8F88-F3CF8391E040}
	EndGlobalSection
EndGlobal
